
Microsoft Visual Studio Solution File, Format Version 12.00
# Visual Studio Version 17
VisualStudioVersion = 17.6.33829.357
MinimumVisualStudioVersion = 10.0.40219.1
Project("{9A19103F-16F7-4668-BE54-9A1E7A4F7556}") = "BlazorApp1", "BlazorApp1\BlazorApp1.csproj", "{D8C946C1-B9A0-4202-8C1A-96A8594A1A04}"
EndProject
Project("{9A19103F-16F7-4668-BE54-9A1E7A4F7556}") = "BookAppTests", "BookAppTests\BookAppTests.csproj", "{48964FFD-06C0-4D9A-8176-7CCE00179C45}"
EndProject
Global
	GlobalSection(SolutionConfigurationPlatforms) = preSolution
		Debug|Any CPU = Debug|Any CPU
		Release|Any CPU = Release|Any CPU
	EndGlobalSection
	GlobalSection(ProjectConfigurationPlatforms) = postSolution
		{D8C946C1-B9A0-4202-8C1A-96A8594A1A04}.Debug|Any CPU.ActiveCfg = Debug|Any CPU
		{D8C946C1-B9A0-4202-8C1A-96A8594A1A04}.Debug|Any CPU.Build.0 = Debug|Any CPU
		{D8C946C1-B9A0-4202-8C1A-96A8594A1A04}.Release|Any CPU.ActiveCfg = Release|Any CPU
		{D8C946C1-B9A0-4202-8C1A-96A8594A1A04}.Release|Any CPU.Build.0 = Release|Any CPU
		{48964FFD-06C0-4D9A-8176-7CCE00179C45}.Debug|Any CPU.ActiveCfg = Debug|Any CPU
		{48964FFD-06C0-4D9A-8176-7CCE00179C45}.Debug|Any CPU.Build.0 = Debug|Any CPU
		{48964FFD-06C0-4D9A-8176-7CCE00179C45}.Release|Any CPU.ActiveCfg = Release|Any CPU
		{48964FFD-06C0-4D9A-8176-7CCE00179C45}.Release|Any CPU.Build.0 = Release|Any CPU
	EndGlobalSection
	GlobalSection(SolutionProperties) = preSolution
		HideSolutionNode = FALSE
	EndGlobalSection
	GlobalSection(ExtensibilityGlobals) = postSolution
		SolutionGuid = {9D8B99A2-8019-4EE7-BED4-928626C79E45}
	EndGlobalSection
EndGlobal
